// !$*UTF8*$!
{
	archiveVersion = 1;
	classes = {
	};
	objectVersion = 50;
	objects = {

/* Begin PBXBuildFile section */
		AEB27D072694E35500A05F78 /* AppDelegate.swift in Sources */ = {isa = PBXBuildFile; fileRef = AEB27D062694E35500A05F78 /* AppDelegate.swift */; };
		AEB27D092694E35500A05F78 /* SceneDelegate.swift in Sources */ = {isa = PBXBuildFile; fileRef = AEB27D082694E35500A05F78 /* SceneDelegate.swift */; };
		AEB27D0B2694E35500A05F78 /* ViewController.swift in Sources */ = {isa = PBXBuildFile; fileRef = AEB27D0A2694E35500A05F78 /* ViewController.swift */; };
		AEB27D0E2694E35500A05F78 /* Main.storyboard in Resources */ = {isa = PBXBuildFile; fileRef = AEB27D0C2694E35500A05F78 /* Main.storyboard */; };
		AEB27D102694E35600A05F78 /* Assets.xcassets in Resources */ = {isa = PBXBuildFile; fileRef = AEB27D0F2694E35600A05F78 /* Assets.xcassets */; };
		AEB27D132694E35600A05F78 /* LaunchScreen.storyboard in Resources */ = {isa = PBXBuildFile; fileRef = AEB27D112694E35600A05F78 /* LaunchScreen.storyboard */; };
		AEB27D1C2694E5EB00A05F78 /* PokemonCell.xib in Resources */ = {isa = PBXBuildFile; fileRef = AEB27D1B2694E5EB00A05F78 /* PokemonCell.xib */; };
		AEB27D1E2694E5FF00A05F78 /* PokemonCell.swift in Sources */ = {isa = PBXBuildFile; fileRef = AEB27D1D2694E5FF00A05F78 /* PokemonCell.swift */; };
		AEB27D222695035300A05F78 /* PokemonManager.swift in Sources */ = {isa = PBXBuildFile; fileRef = AEB27D212695035300A05F78 /* PokemonManager.swift */; };
		AEC4FCDC2696254C005DC1E1 /* PokemonDetails.storyboard in Resources */ = {isa = PBXBuildFile; fileRef = AEC4FCDB2696254C005DC1E1 /* PokemonDetails.storyboard */; };
		AEC4FCDE2696258A005DC1E1 /* PokemonDetailsController.swift in Sources */ = {isa = PBXBuildFile; fileRef = AEC4FCDD26962589005DC1E1 /* PokemonDetailsController.swift */; };
/* End PBXBuildFile section */

/* Begin PBXFileReference section */
		AEB27D032694E35500A05F78 /* Pokemon.app */ = {isa = PBXFileReference; explicitFileType = wrapper.application; includeInIndex = 0; path = Pokemon.app; sourceTree = BUILT_PRODUCTS_DIR; };
		AEB27D062694E35500A05F78 /* AppDelegate.swift */ = {isa = PBXFileReference; lastKnownFileType = sourcecode.swift; path = AppDelegate.swift; sourceTree = "<group>"; };
		AEB27D082694E35500A05F78 /* SceneDelegate.swift */ = {isa = PBXFileReference; lastKnownFileType = sourcecode.swift; path = SceneDelegate.swift; sourceTree = "<group>"; };
		AEB27D0A2694E35500A05F78 /* ViewController.swift */ = {isa = PBXFileReference; lastKnownFileType = sourcecode.swift; path = ViewController.swift; sourceTree = "<group>"; };
		AEB27D0D2694E35500A05F78 /* Base */ = {isa = PBXFileReference; lastKnownFileType = file.storyboard; name = Base; path = Base.lproj/Main.storyboard; sourceTree = "<group>"; };
		AEB27D0F2694E35600A05F78 /* Assets.xcassets */ = {isa = PBXFileReference; lastKnownFileType = folder.assetcatalog; path = Assets.xcassets; sourceTree = "<group>"; };
		AEB27D122694E35600A05F78 /* Base */ = {isa = PBXFileReference; lastKnownFileType = file.storyboard; name = Base; path = Base.lproj/LaunchScreen.storyboard; sourceTree = "<group>"; };
		AEB27D142694E35600A05F78 /* Info.plist */ = {isa = PBXFileReference; lastKnownFileType = text.plist.xml; path = Info.plist; sourceTree = "<group>"; };
		AEB27D1B2694E5EB00A05F78 /* PokemonCell.xib */ = {isa = PBXFileReference; lastKnownFileType = file.xib; path = PokemonCell.xib; sourceTree = "<group>"; };
		AEB27D1D2694E5FF00A05F78 /* PokemonCell.swift */ = {isa = PBXFileReference; lastKnownFileType = sourcecode.swift; path = PokemonCell.swift; sourceTree = "<group>"; };
		AEB27D212695035300A05F78 /* PokemonManager.swift */ = {isa = PBXFileReference; lastKnownFileType = sourcecode.swift; path = PokemonManager.swift; sourceTree = "<group>"; };
		AEC4FCDB2696254C005DC1E1 /* PokemonDetails.storyboard */ = {isa = PBXFileReference; lastKnownFileType = file.storyboard; path = PokemonDetails.storyboard; sourceTree = "<group>"; };
		AEC4FCDD26962589005DC1E1 /* PokemonDetailsController.swift */ = {isa = PBXFileReference; lastKnownFileType = sourcecode.swift; path = PokemonDetailsController.swift; sourceTree = "<group>"; };
/* End PBXFileReference section */

/* Begin PBXFrameworksBuildPhase section */
		AEB27D002694E35500A05F78 /* Frameworks */ = {
			isa = PBXFrameworksBuildPhase;
			buildActionMask = 2147483647;
			files = (
			);
			runOnlyForDeploymentPostprocessing = 0;
		};
/* End PBXFrameworksBuildPhase section */

/* Begin PBXGroup section */
		AEB27CFA2694E35500A05F78 = {
			isa = PBXGroup;
			children = (
				AEB27D052694E35500A05F78 /* Pokemon */,
				AEB27D042694E35500A05F78 /* Products */,
			);
			sourceTree = "<group>";
		};
		AEB27D042694E35500A05F78 /* Products */ = {
			isa = PBXGroup;
			children = (
				AEB27D032694E35500A05F78 /* Pokemon.app */,
			);
			name = Products;
			sourceTree = "<group>";
		};
		AEB27D052694E35500A05F78 /* Pokemon */ = {
			isa = PBXGroup;
			children = (
				AEC4FCDA26962525005DC1E1 /* PokemonDetails */,
				AEB27D202695034900A05F78 /* Model */,
				AEB27D1A2694E5CE00A05F78 /* Cell */,
				AEB27D062694E35500A05F78 /* AppDelegate.swift */,
				AEB27D082694E35500A05F78 /* SceneDelegate.swift */,
				AEB27D0A2694E35500A05F78 /* ViewController.swift */,
				AEB27D0C2694E35500A05F78 /* Main.storyboard */,
				AEB27D0F2694E35600A05F78 /* Assets.xcassets */,
				AEB27D112694E35600A05F78 /* LaunchScreen.storyboard */,
				AEB27D142694E35600A05F78 /* Info.plist */,
			);
			path = Pokemon;
			sourceTree = "<group>";
		};
		AEB27D1A2694E5CE00A05F78 /* Cell */ = {
			isa = PBXGroup;
			children = (
				AEB27D1B2694E5EB00A05F78 /* PokemonCell.xib */,
				AEB27D1D2694E5FF00A05F78 /* PokemonCell.swift */,
			);
			path = Cell;
			sourceTree = "<group>";
		};
		AEB27D202695034900A05F78 /* Model */ = {
			isa = PBXGroup;
			children = (
				AEB27D212695035300A05F78 /* PokemonManager.swift */,
			);
			path = Model;
			sourceTree = "<group>";
		};
		AEC4FCDA26962525005DC1E1 /* PokemonDetails */ = {
			isa = PBXGroup;
			children = (
				AEC4FCDB2696254C005DC1E1 /* PokemonDetails.storyboard */,
				AEC4FCDD26962589005DC1E1 /* PokemonDetailsController.swift */,
			);
			path = PokemonDetails;
			sourceTree = "<group>";
		};
/* End PBXGroup section */

/* Begin PBXNativeTarget section */
		AEB27D022694E35500A05F78 /* Pokemon */ = {
			isa = PBXNativeTarget;
			buildConfigurationList = AEB27D172694E35600A05F78 /* Build configuration list for PBXNativeTarget "Pokemon" */;
			buildPhases = (
				AEB27CFF2694E35500A05F78 /* Sources */,
				AEB27D002694E35500A05F78 /* Frameworks */,
				AEB27D012694E35500A05F78 /* Resources */,
			);
			buildRules = (
			);
			dependencies = (
			);
			name = Pokemon;
			productName = Pokemon;
			productReference = AEB27D032694E35500A05F78 /* Pokemon.app */;
			productType = "com.apple.product-type.application";
		};
/* End PBXNativeTarget section */

/* Begin PBXProject section */
		AEB27CFB2694E35500A05F78 /* Project object */ = {
			isa = PBXProject;
			attributes = {
				LastSwiftUpdateCheck = 1250;
				LastUpgradeCheck = 1250;
				TargetAttributes = {
					AEB27D022694E35500A05F78 = {
						CreatedOnToolsVersion = 12.5.1;
					};
				};
			};
			buildConfigurationList = AEB27CFE2694E35500A05F78 /* Build configuration list for PBXProject "Pokemon" */;
			compatibilityVersion = "Xcode 9.3";
			developmentRegion = en;
			hasScannedForEncodings = 0;
			knownRegions = (
				en,
				Base,
			);
			mainGroup = AEB27CFA2694E35500A05F78;
			productRefGroup = AEB27D042694E35500A05F78 /* Products */;
			projectDirPath = "";
			projectRoot = "";
			targets = (
				AEB27D022694E35500A05F78 /* Pokemon */,
			);
		};
/* End PBXProject section */

/* Begin PBXResourcesBuildPhase section */
		AEB27D012694E35500A05F78 /* Resources */ = {
			isa = PBXResourcesBuildPhase;
			buildActionMask = 2147483647;
			files = (
				AEC4FCDC2696254C005DC1E1 /* PokemonDetails.storyboard in Resources */,
				AEB27D132694E35600A05F78 /* LaunchScreen.storyboard in Resources */,
				AEB27D1C2694E5EB00A05F78 /* PokemonCell.xib in Resources */,
				AEB27D102694E35600A05F78 /* Assets.xcassets in Resources */,
				AEB27D0E2694E35500A05F78 /* Main.storyboard in Resources */,
			);
			runOnlyForDeploymentPostprocessing = 0;
		};
/* End PBXResourcesBuildPhase section */

/* Begin PBXSourcesBuildPhase section */
		AEB27CFF2694E35500A05F78 /* Sources */ = {
			isa = PBXSourcesBuildPhase;
			buildActionMask = 2147483647;
			files = (
				AEB27D222695035300A05F78 /* PokemonManager.swift in Sources */,
				AEB27D0B2694E35500A05F78 /* ViewController.swift in Sources */,
				AEC4FCDE2696258A005DC1E1 /* PokemonDetailsController.swift in Sources */,
				AEB27D1E2694E5FF00A05F78 /* PokemonCell.swift in Sources */,
				AEB27D072694E35500A05F78 /* AppDelegate.swift in Sources */,
				AEB27D092694E35500A05F78 /* SceneDelegate.swift in Sources */,
			);
			runOnlyForDeploymentPostprocessing = 0;
		};
/* End PBXSourcesBuildPhase section */

/* Begin PBXVariantGroup section */
		AEB27D0C2694E35500A05F78 /* Main.storyboard */ = {
			isa = PBXVariantGroup;
			children = (
				AEB27D0D2694E35500A05F78 /* Base */,
			);
			name = Main.storyboard;
			sourceTree = "<group>";
		};
		AEB27D112694E35600A05F78 /* LaunchScreen.storyboard */ = {
			isa = PBXVariantGroup;
			children = (
				AEB27D122694E35600A05F78 /* Base */,
			);
			name = LaunchScreen.storyboard;
			sourceTree = "<group>";
		};
/* End PBXVariantGroup section */

/* Begin XCBuildConfiguration section */
		AEB27D152694E35600A05F78 /* Debug */ = {
			isa = XCBuildConfiguration;
			buildSettings = {
				ALWAYS_SEARCH_USER_PATHS = NO;
				CLANG_ANALYZER_NONNULL = YES;
				CLANG_ANALYZER_NUMBER_OBJECT_CONVERSION = YES_AGGRESSIVE;
				CLANG_CXX_LANGUAGE_STANDARD = "gnu++14";
				CLANG_CXX_LIBRARY = "libc++";
				CLANG_ENABLE_MODULES = YES;
				CLANG_ENABLE_OBJC_ARC = YES;
				CLANG_ENABLE_OBJC_WEAK = YES;
				CLANG_WARN_BLOCK_CAPTURE_AUTORELEASING = YES;
				CLANG_WARN_BOOL_CONVERSION = YES;
				CLANG_WARN_COMMA = YES;
				CLANG_WARN_CONSTANT_CONVERSION = YES;
				CLANG_WARN_DEPRECATED_OBJC_IMPLEMENTATIONS = YES;
				CLANG_WARN_DIRECT_OBJC_ISA_USAGE = YES_ERROR;
				CLANG_WARN_DOCUMENTATION_COMMENTS = YES;
				CLANG_WARN_EMPTY_BODY = YES;
				CLANG_WARN_ENUM_CONVERSION = YES;
				CLANG_WARN_INFINITE_RECURSION = YES;
				CLANG_WARN_INT_CONVERSION = YES;
				CLANG_WARN_NON_LITERAL_NULL_CONVERSION = YES;
				CLANG_WARN_OBJC_IMPLICIT_RETAIN_SELF = YES;
				CLANG_WARN_OBJC_LITERAL_CONVERSION = YES;
				CLANG_WARN_OBJC_ROOT_CLASS = YES_ERROR;
				CLANG_WARN_QUOTED_INCLUDE_IN_FRAMEWORK_HEADER = YES;
				CLANG_WARN_RANGE_LOOP_ANALYSIS = YES;
				CLANG_WARN_STRICT_PROTOTYPES = YES;
				CLANG_WARN_SUSPICIOUS_MOVE = YES;
				CLANG_WARN_UNGUARDED_AVAILABILITY = YES_AGGRESSIVE;
				CLANG_WARN_UNREACHABLE_CODE = YES;
				CLANG_WARN__DUPLICATE_METHOD_MATCH = YES;
				COPY_PHASE_STRIP = NO;
				DEBUG_INFORMATION_FORMAT = dwarf;
				ENABLE_STRICT_OBJC_MSGSEND = YES;
				ENABLE_TESTABILITY = YES;
				GCC_C_LANGUAGE_STANDARD = gnu11;
				GCC_DYNAMIC_NO_PIC = NO;
				GCC_NO_COMMON_BLOCKS = YES;
				GCC_OPTIMIZATION_LEVEL = 0;
				GCC_PREPROCESSOR_DEFINITIONS = (
					"DEBUG=1",
					"$(inherited)",
				);
				GCC_WARN_64_TO_32_BIT_CONVERSION = YES;
				GCC_WARN_ABOUT_RETURN_TYPE = YES_ERROR;
				GCC_WARN_UNDECLARED_SELECTOR = YES;
				GCC_WARN_UNINITIALIZED_AUTOS = YES_AGGRESSIVE;
				GCC_WARN_UNUSED_FUNCTION = YES;
				GCC_WARN_UNUSED_VARIABLE = YES;
				IPHONEOS_DEPLOYMENT_TARGET = 14.5;
				MTL_ENABLE_DEBUG_INFO = INCLUDE_SOURCE;
				MTL_FAST_MATH = YES;
				ONLY_ACTIVE_ARCH = YES;
				SDKROOT = iphoneos;
				SWIFT_ACTIVE_COMPILATION_CONDITIONS = DEBUG;
				SWIFT_OPTIMIZATION_LEVEL = "-Onone";
			};
			name = Debug;
		};
		AEB27D162694E35600A05F78 /* Release */ = {
			isa = XCBuildConfiguration;
			buildSettings = {
				ALWAYS_SEARCH_USER_PATHS = NO;
				CLANG_ANALYZER_NONNULL = YES;
				CLANG_ANALYZER_NUMBER_OBJECT_CONVERSION = YES_AGGRESSIVE;
				CLANG_CXX_LANGUAGE_STANDARD = "gnu++14";
				CLANG_CXX_LIBRARY = "libc++";
				CLANG_ENABLE_MODULES = YES;
				CLANG_ENABLE_OBJC_ARC = YES;
				CLANG_ENABLE_OBJC_WEAK = YES;
				CLANG_WARN_BLOCK_CAPTURE_AUTORELEASING = YES;
				CLANG_WARN_BOOL_CONVERSION = YES;
				CLANG_WARN_COMMA = YES;
				CLANG_WARN_CONSTANT_CONVERSION = YES;
				CLANG_WARN_DEPRECATED_OBJC_IMPLEMENTATIONS = YES;
				CLANG_WARN_DIRECT_OBJC_ISA_USAGE = YES_ERROR;
				CLANG_WARN_DOCUMENTATION_COMMENTS = YES;
				CLANG_WARN_EMPTY_BODY = YES;
				CLANG_WARN_ENUM_CONVERSION = YES;
				CLANG_WARN_INFINITE_RECURSION = YES;
				CLANG_WARN_INT_CONVERSION = YES;
				CLANG_WARN_NON_LITERAL_NULL_CONVERSION = YES;
				CLANG_WARN_OBJC_IMPLICIT_RETAIN_SELF = YES;
				CLANG_WARN_OBJC_LITERAL_CONVERSION = YES;
				CLANG_WARN_OBJC_ROOT_CLASS = YES_ERROR;
				CLANG_WARN_QUOTED_INCLUDE_IN_FRAMEWORK_HEADER = YES;
				CLANG_WARN_RANGE_LOOP_ANALYSIS = YES;
				CLANG_WARN_STRICT_PROTOTYPES = YES;
				CLANG_WARN_SUSPICIOUS_MOVE = YES;
				CLANG_WARN_UNGUARDED_AVAILABILITY = YES_AGGRESSIVE;
				CLANG_WARN_UNREACHABLE_CODE = YES;
				CLANG_WARN__DUPLICATE_METHOD_MATCH = YES;
				COPY_PHASE_STRIP = NO;
				DEBUG_INFORMATION_FORMAT = "dwarf-with-dsym";
				ENABLE_NS_ASSERTIONS = NO;
				ENABLE_STRICT_OBJC_MSGSEND = YES;
				GCC_C_LANGUAGE_STANDARD = gnu11;
				GCC_NO_COMMON_BLOCKS = YES;
				GCC_WARN_64_TO_32_BIT_CONVERSION = YES;
				GCC_WARN_ABOUT_RETURN_TYPE = YES_ERROR;
				GCC_WARN_UNDECLARED_SELECTOR = YES;
				GCC_WARN_UNINITIALIZED_AUTOS = YES_AGGRESSIVE;
				GCC_WARN_UNUSED_FUNCTION = YES;
				GCC_WARN_UNUSED_VARIABLE = YES;
				IPHONEOS_DEPLOYMENT_TARGET = 14.5;
				MTL_ENABLE_DEBUG_INFO = NO;
				MTL_FAST_MATH = YES;
				SDKROOT = iphoneos;
				SWIFT_COMPILATION_MODE = wholemodule;
				SWIFT_OPTIMIZATION_LEVEL = "-O";
				VALIDATE_PRODUCT = YES;
			};
			name = Release;
		};
		AEB27D182694E35600A05F78 /* Debug */ = {
			isa = XCBuildConfiguration;
			buildSettings = {
				ASSETCATALOG_COMPILER_APPICON_NAME = AppIcon;
				ASSETCATALOG_COMPILER_GLOBAL_ACCENT_COLOR_NAME = AccentColor;
				CODE_SIGN_STYLE = Automatic;
				DEVELOPMENT_TEAM = JM38Q58D4U;
				INFOPLIST_FILE = Pokemon/Info.plist;
				LD_RUNPATH_SEARCH_PATHS = (
					"$(inherited)",
					"@executable_path/Frameworks",
				);
				PRODUCT_BUNDLE_IDENTIFIER = com.ederbarreto.Pokemon;
				PRODUCT_NAME = "$(TARGET_NAME)";
				SWIFT_VERSION = 5.0;
				TARGETED_DEVICE_FAMILY = "1,2";
			};
			name = Debug;
		};
		AEB27D192694E35600A05F78 /* Release */ = {
			isa = XCBuildConfiguration;
			buildSettings = {
				ASSETCATALOG_COMPILER_APPICON_NAME = AppIcon;
				ASSETCATALOG_COMPILER_GLOBAL_ACCENT_COLOR_NAME = AccentColor;
				CODE_SIGN_STYLE = Automatic;
				DEVELOPMENT_TEAM = JM38Q58D4U;
				INFOPLIST_FILE = Pokemon/Info.plist;
				LD_RUNPATH_SEARCH_PATHS = (
					"$(inherited)",
					"@executable_path/Frameworks",
				);
				PRODUCT_BUNDLE_IDENTIFIER = com.ederbarreto.Pokemon;
				PRODUCT_NAME = "$(TARGET_NAME)";
				SWIFT_VERSION = 5.0;
				TARGETED_DEVICE_FAMILY = "1,2";
			};
			name = Release;
		};
/* End XCBuildConfiguration section */

/* Begin XCConfigurationList section */
		AEB27CFE2694E35500A05F78 /* Build configuration list for PBXProject "Pokemon" */ = {
			isa = XCConfigurationList;
			buildConfigurations = (
				AEB27D152694E35600A05F78 /* Debug */,
				AEB27D162694E35600A05F78 /* Release */,
			);
			defaultConfigurationIsVisible = 0;
			defaultConfigurationName = Release;
		};
		AEB27D172694E35600A05F78 /* Build configuration list for PBXNativeTarget "Pokemon" */ = {
			isa = XCConfigurationList;
			buildConfigurations = (
				AEB27D182694E35600A05F78 /* Debug */,
				AEB27D192694E35600A05F78 /* Release */,
			);
			defaultConfigurationIsVisible = 0;
			defaultConfigurationName = Release;
		};
/* End XCConfigurationList section */
	};
	rootObject = AEB27CFB2694E35500A05F78 /* Project object */;
}
